
Microsoft Visual Studio Solution File, Format Version 12.00
# Visual Studio Version 17
VisualStudioVersion = 17.5.33516.290
MinimumVisualStudioVersion = 10.0.40219.1
Project("{FAE04EC0-301F-11D3-BF4B-00C04F79EFBC}") = "Conversor.Android", "Conversor.Android\Conversor.Android.csproj", "{A112C2AF-E620-4F98-B035-1807B9F801C8}"
EndProject
Project("{FAE04EC0-301F-11D3-BF4B-00C04F79EFBC}") = "Conversor.iOS", "Conversor.iOS\Conversor.iOS.csproj", "{62B25C0B-6182-4EDF-8159-6C7C2B871AE7}"
EndProject
Project("{FAE04EC0-301F-11D3-BF4B-00C04F79EFBC}") = "Conversor", "Conversor\Conversor.csproj", "{89D974E7-041B-4683-ADB5-3A2FA40D633E}"
EndProject
Global
	GlobalSection(SolutionConfigurationPlatforms) = preSolution
		Debug|Any CPU = Debug|Any CPU
		Debug|iPhone = Debug|iPhone
		Debug|iPhoneSimulator = Debug|iPhoneSimulator
		Release|Any CPU = Release|Any CPU
		Release|iPhone = Release|iPhone
		Release|iPhoneSimulator = Release|iPhoneSimulator
	EndGlobalSection
	GlobalSection(ProjectConfigurationPlatforms) = postSolution
		{A112C2AF-E620-4F98-B035-1807B9F801C8}.Debug|Any CPU.ActiveCfg = Debug|Any CPU
		{A112C2AF-E620-4F98-B035-1807B9F801C8}.Debug|Any CPU.Build.0 = Debug|Any CPU
		{A112C2AF-E620-4F98-B035-1807B9F801C8}.Debug|Any CPU.Deploy.0 = Debug|Any CPU
		{A112C2AF-E620-4F98-B035-1807B9F801C8}.Debug|iPhone.ActiveCfg = Debug|Any CPU
		{A112C2AF-E620-4F98-B035-1807B9F801C8}.Debug|iPhone.Build.0 = Debug|Any CPU
		{A112C2AF-E620-4F98-B035-1807B9F801C8}.Debug|iPhone.Deploy.0 = Debug|Any CPU
		{A112C2AF-E620-4F98-B035-1807B9F801C8}.Debug|iPhoneSimulator.ActiveCfg = Debug|Any CPU
		{A112C2AF-E620-4F98-B035-1807B9F801C8}.Debug|iPhoneSimulator.Build.0 = Debug|Any CPU
		{A112C2AF-E620-4F98-B035-1807B9F801C8}.Debug|iPhoneSimulator.Deploy.0 = Debug|Any CPU
		{A112C2AF-E620-4F98-B035-1807B9F801C8}.Release|Any CPU.ActiveCfg = Release|Any CPU
		{A112C2AF-E620-4F98-B035-1807B9F801C8}.Release|Any CPU.Build.0 = Release|Any CPU
		{A112C2AF-E620-4F98-B035-1807B9F801C8}.Release|Any CPU.Deploy.0 = Release|Any CPU
		{A112C2AF-E620-4F98-B035-1807B9F801C8}.Release|iPhone.ActiveCfg = Release|Any CPU
		{A112C2AF-E620-4F98-B035-1807B9F801C8}.Release|iPhone.Build.0 = Release|Any CPU
		{A112C2AF-E620-4F98-B035-1807B9F801C8}.Release|iPhone.Deploy.0 = Release|Any CPU
		{A112C2AF-E620-4F98-B035-1807B9F801C8}.Release|iPhoneSimulator.ActiveCfg = Release|Any CPU
		{A112C2AF-E620-4F98-B035-1807B9F801C8}.Release|iPhoneSimulator.Build.0 = Release|Any CPU
		{A112C2AF-E620-4F98-B035-1807B9F801C8}.Release|iPhoneSimulator.Deploy.0 = Release|Any CPU
		{62B25C0B-6182-4EDF-8159-6C7C2B871AE7}.Debug|Any CPU.ActiveCfg = Debug|iPhone
		{62B25C0B-6182-4EDF-8159-6C7C2B871AE7}.Debug|Any CPU.Build.0 = Debug|iPhone
		{62B25C0B-6182-4EDF-8159-6C7C2B871AE7}.Debug|Any CPU.Deploy.0 = Debug|iPhone
		{62B25C0B-6182-4EDF-8159-6C7C2B871AE7}.Debug|iPhone.ActiveCfg = Debug|iPhone
		{62B25C0B-6182-4EDF-8159-6C7C2B871AE7}.Debug|iPhone.Build.0 = Debug|iPhone
		{62B25C0B-6182-4EDF-8159-6C7C2B871AE7}.Debug|iPhone.Deploy.0 = Debug|iPhone
		{62B25C0B-6182-4EDF-8159-6C7C2B871AE7}.Debug|iPhoneSimulator.ActiveCfg = Debug|iPhoneSimulator
		{62B25C0B-6182-4EDF-8159-6C7C2B871AE7}.Debug|iPhoneSimulator.Build.0 = Debug|iPhoneSimulator
		{62B25C0B-6182-4EDF-8159-6C7C2B871AE7}.Debug|iPhoneSimulator.Deploy.0 = Debug|iPhoneSimulator
		{62B25C0B-6182-4EDF-8159-6C7C2B871AE7}.Release|Any CPU.ActiveCfg = Release|iPhoneSimulator
		{62B25C0B-6182-4EDF-8159-6C7C2B871AE7}.Release|Any CPU.Build.0 = Release|iPhoneSimulator
		{62B25C0B-6182-4EDF-8159-6C7C2B871AE7}.Release|Any CPU.Deploy.0 = Release|iPhoneSimulator
		{62B25C0B-6182-4EDF-8159-6C7C2B871AE7}.Release|iPhone.ActiveCfg = Release|iPhone
		{62B25C0B-6182-4EDF-8159-6C7C2B871AE7}.Release|iPhone.Build.0 = Release|iPhone
		{62B25C0B-6182-4EDF-8159-6C7C2B871AE7}.Release|iPhone.Deploy.0 = Release|iPhone
		{62B25C0B-6182-4EDF-8159-6C7C2B871AE7}.Release|iPhoneSimulator.ActiveCfg = Release|iPhoneSimulator
		{62B25C0B-6182-4EDF-8159-6C7C2B871AE7}.Release|iPhoneSimulator.Build.0 = Release|iPhoneSimulator
		{62B25C0B-6182-4EDF-8159-6C7C2B871AE7}.Release|iPhoneSimulator.Deploy.0 = Release|iPhoneSimulator
		{89D974E7-041B-4683-ADB5-3A2FA40D633E}.Debug|Any CPU.ActiveCfg = Debug|Any CPU
		{89D974E7-041B-4683-ADB5-3A2FA40D633E}.Debug|Any CPU.Build.0 = Debug|Any CPU
		{89D974E7-041B-4683-ADB5-3A2FA40D633E}.Debug|Any CPU.Deploy.0 = Debug|Any CPU
		{89D974E7-041B-4683-ADB5-3A2FA40D633E}.Debug|iPhone.ActiveCfg = Debug|Any CPU
		{89D974E7-041B-4683-ADB5-3A2FA40D633E}.Debug|iPhone.Build.0 = Debug|Any CPU
		{89D974E7-041B-4683-ADB5-3A2FA40D633E}.Debug|iPhone.Deploy.0 = Debug|Any CPU
		{89D974E7-041B-4683-ADB5-3A2FA40D633E}.Debug|iPhoneSimulator.ActiveCfg = Debug|Any CPU
		{89D974E7-041B-4683-ADB5-3A2FA40D633E}.Debug|iPhoneSimulator.Build.0 = Debug|Any CPU
		{89D974E7-041B-4683-ADB5-3A2FA40D633E}.Debug|iPhoneSimulator.Deploy.0 = Debug|Any CPU
		{89D974E7-041B-4683-ADB5-3A2FA40D633E}.Release|Any CPU.ActiveCfg = Release|Any CPU
		{89D974E7-041B-4683-ADB5-3A2FA40D633E}.Release|Any CPU.Build.0 = Release|Any CPU
		{89D974E7-041B-4683-ADB5-3A2FA40D633E}.Release|Any CPU.Deploy.0 = Release|Any CPU
		{89D974E7-041B-4683-ADB5-3A2FA40D633E}.Release|iPhone.ActiveCfg = Release|Any CPU
		{89D974E7-041B-4683-ADB5-3A2FA40D633E}.Release|iPhone.Build.0 = Release|Any CPU
		{89D974E7-041B-4683-ADB5-3A2FA40D633E}.Release|iPhone.Deploy.0 = Release|Any CPU
		{89D974E7-041B-4683-ADB5-3A2FA40D633E}.Release|iPhoneSimulator.ActiveCfg = Release|Any CPU
		{89D974E7-041B-4683-ADB5-3A2FA40D633E}.Release|iPhoneSimulator.Build.0 = Release|Any CPU
		{89D974E7-041B-4683-ADB5-3A2FA40D633E}.Release|iPhoneSimulator.Deploy.0 = Release|Any CPU
	EndGlobalSection
	GlobalSection(SolutionProperties) = preSolution
		HideSolutionNode = FALSE
	EndGlobalSection
	GlobalSection(ExtensibilityGlobals) = postSolution
		SolutionGuid = {398672CC-8656-46B7-AFF6-53D7E3F39F07}
	EndGlobalSection
EndGlobal
